
Microsoft Visual Studio Solution File, Format Version 12.00
# Visual Studio Version 17
VisualStudioVersion = 17.5.33424.131
MinimumVisualStudioVersion = 10.0.40219.1
Project("{FAE04EC0-301F-11D3-BF4B-00C04F79EFBC}") = "TPmod2KPL", "TPmod2KPL\TPmod2KPL.csproj", "{94E083E0-4114-4512-8616-28B63A166569}"
EndProject
Global
	GlobalSection(SolutionConfigurationPlatforms) = preSolution
		Debug|Any CPU = Debug|Any CPU
		Release|Any CPU = Release|Any CPU
	EndGlobalSection
	GlobalSection(ProjectConfigurationPlatforms) = postSolution
		{94E083E0-4114-4512-8616-28B63A166569}.Debug|Any CPU.ActiveCfg = Debug|Any CPU
		{94E083E0-4114-4512-8616-28B63A166569}.Debug|Any CPU.Build.0 = Debug|Any CPU
		{94E083E0-4114-4512-8616-28B63A166569}.Release|Any CPU.ActiveCfg = Release|Any CPU
		{94E083E0-4114-4512-8616-28B63A166569}.Release|Any CPU.Build.0 = Release|Any CPU
	EndGlobalSection
	GlobalSection(SolutionProperties) = preSolution
		HideSolutionNode = FALSE
	EndGlobalSection
	GlobalSection(ExtensibilityGlobals) = postSolution
		SolutionGuid = {F2C45286-8944-4B1C-BB05-84E8AC97EC8B}
	EndGlobalSection
EndGlobal
